// !$*UTF8*$!
{
	archiveVersion = 1;
	classes = {
	};
	objectVersion = 50;
	objects = {

/* Begin PBXBuildFile section */
		2DB0F716F7C36E4FA15B63D9 /* libPods-Notes.a in Frameworks */ = {isa = PBXBuildFile; fileRef = 0DF8D87FD10F38115A176AB1 /* libPods-Notes.a */; };
		555C421822D26BDE00C18D68 /* NotesUITests.swift in Sources */ = {isa = PBXBuildFile; fileRef = 555C421722D26BDE00C18D68 /* NotesUITests.swift */; };
		555C422322D26E0500C18D68 /* FileNotebookTests.swift in Sources */ = {isa = PBXBuildFile; fileRef = 555C422022D26E0500C18D68 /* FileNotebookTests.swift */; };
		555C422422D26E0500C18D68 /* NoteExtensionTests.swift in Sources */ = {isa = PBXBuildFile; fileRef = 555C422122D26E0500C18D68 /* NoteExtensionTests.swift */; };
		555C422522D26E0500C18D68 /* NoteTests.swift in Sources */ = {isa = PBXBuildFile; fileRef = 555C422222D26E0500C18D68 /* NoteTests.swift */; };
		5568A19722D8EE57000E64CA /* ColorPickerViewOld.swift in Sources */ = {isa = PBXBuildFile; fileRef = 5568A19622D8EE57000E64CA /* ColorPickerViewOld.swift */; };
		5568A19922D95696000E64CA /* ScrollView.swift in Sources */ = {isa = PBXBuildFile; fileRef = 5568A19822D95696000E64CA /* ScrollView.swift */; };
		5568A19E22DA9B9F000E64CA /* PaletteView.swift in Sources */ = {isa = PBXBuildFile; fileRef = 5568A19D22DA9B9F000E64CA /* PaletteView.swift */; };
		5568A1A122DB8BEC000E64CA /* MarkView.swift in Sources */ = {isa = PBXBuildFile; fileRef = 5568A1A022DB8BEC000E64CA /* MarkView.swift */; };
		5568A1A322DBCF26000E64CA /* PointerView.swift in Sources */ = {isa = PBXBuildFile; fileRef = 5568A1A222DBCF26000E64CA /* PointerView.swift */; };
		5568A1A522DBE6B7000E64CA /* ColorExtension.swift in Sources */ = {isa = PBXBuildFile; fileRef = 5568A1A422DBE6B7000E64CA /* ColorExtension.swift */; };
		5583C3FE22CBFF350053AB21 /* AppDelegate.swift in Sources */ = {isa = PBXBuildFile; fileRef = 5583C3FD22CBFF350053AB21 /* AppDelegate.swift */; };
		5583C40022CBFF350053AB21 /* ViewController.swift in Sources */ = {isa = PBXBuildFile; fileRef = 5583C3FF22CBFF350053AB21 /* ViewController.swift */; };
		5583C40322CBFF350053AB21 /* Main.storyboard in Resources */ = {isa = PBXBuildFile; fileRef = 5583C40122CBFF350053AB21 /* Main.storyboard */; };
		5583C40522CBFF360053AB21 /* Assets.xcassets in Resources */ = {isa = PBXBuildFile; fileRef = 5583C40422CBFF360053AB21 /* Assets.xcassets */; };
		5583C40822CBFF360053AB21 /* LaunchScreen.storyboard in Resources */ = {isa = PBXBuildFile; fileRef = 5583C40622CBFF360053AB21 /* LaunchScreen.storyboard */; };
		5583C43622CC33D20053AB21 /* FileNotebook.swift in Sources */ = {isa = PBXBuildFile; fileRef = 5583C43322CC33D20053AB21 /* FileNotebook.swift */; };
		5583C43722CC33D20053AB21 /* Note.swift in Sources */ = {isa = PBXBuildFile; fileRef = 5583C43422CC33D20053AB21 /* Note.swift */; };
		5583C43822CC33D20053AB21 /* NoteExtension.swift in Sources */ = {isa = PBXBuildFile; fileRef = 5583C43522CC33D20053AB21 /* NoteExtension.swift */; };
		55A1F60C22D7E86500B400BE /* ContentVIew.swift in Sources */ = {isa = PBXBuildFile; fileRef = 55A1F60B22D7E86500B400BE /* ContentVIew.swift */; };
		55C75E3D22D2A07100ABFDFB /* Log.swift in Sources */ = {isa = PBXBuildFile; fileRef = 55C75E3C22D2A07100ABFDFB /* Log.swift */; };
		55C9D37522E27DCA000A776E /* NoteListViewController.swift in Sources */ = {isa = PBXBuildFile; fileRef = 55C9D37422E27DCA000A776E /* NoteListViewController.swift */; };
		55C9D37722E27DDC000A776E /* NoteEditViewController.swift in Sources */ = {isa = PBXBuildFile; fileRef = 55C9D37622E27DDC000A776E /* NoteEditViewController.swift */; };
		55C9D37922E27E4D000A776E /* GalleryViewController.swift in Sources */ = {isa = PBXBuildFile; fileRef = 55C9D37822E27E4D000A776E /* GalleryViewController.swift */; };
		55C9D38122E3533B000A776E /* NoteEditView.swift in Sources */ = {isa = PBXBuildFile; fileRef = 55C9D38022E3533B000A776E /* NoteEditView.swift */; };
		55C9D38322E3720C000A776E /* ColorPickerViewController.swift in Sources */ = {isa = PBXBuildFile; fileRef = 55C9D38222E3720C000A776E /* ColorPickerViewController.swift */; };
		55C9D38522E380B8000A776E /* ColorPickerView.swift in Sources */ = {isa = PBXBuildFile; fileRef = 55C9D38422E380B8000A776E /* ColorPickerView.swift */; };
		55C9D38722E3D9A8000A776E /* NoteEditScrollView.swift in Sources */ = {isa = PBXBuildFile; fileRef = 55C9D38622E3D9A8000A776E /* NoteEditScrollView.swift */; };
		55C9D38B22E511D1000A776E /* PhotoNote.swift in Sources */ = {isa = PBXBuildFile; fileRef = 55C9D38A22E511D1000A776E /* PhotoNote.swift */; };
		E5D590370A04756B7FEC0D32 /* libPods-NotesTests.a in Frameworks */ = {isa = PBXBuildFile; fileRef = 15A238BEA2EE27B214C919D8 /* libPods-NotesTests.a */; };
/* End PBXBuildFile section */

/* Begin PBXContainerItemProxy section */
		555C421A22D26BDE00C18D68 /* PBXContainerItemProxy */ = {
			isa = PBXContainerItemProxy;
			containerPortal = 5583C3F222CBFF350053AB21 /* Project object */;
			proxyType = 1;
			remoteGlobalIDString = 5583C3F922CBFF350053AB21;
			remoteInfo = Notes;
		};
		5583C40F22CBFF360053AB21 /* PBXContainerItemProxy */ = {
			isa = PBXContainerItemProxy;
			containerPortal = 5583C3F222CBFF350053AB21 /* Project object */;
			proxyType = 1;
			remoteGlobalIDString = 5583C3F922CBFF350053AB21;
			remoteInfo = Notes;
		};
/* End PBXContainerItemProxy section */

/* Begin PBXFileReference section */
		0DF8D87FD10F38115A176AB1 /* libPods-Notes.a */ = {isa = PBXFileReference; explicitFileType = archive.ar; includeInIndex = 0; path = "libPods-Notes.a"; sourceTree = BUILT_PRODUCTS_DIR; };
		0FDAD1FBD3F42A01C0F8BF48 /* Pods-Notes.darkmode.xcconfig */ = {isa = PBXFileReference; includeInIndex = 1; lastKnownFileType = text.xcconfig; name = "Pods-Notes.darkmode.xcconfig"; path = "Target Support Files/Pods-Notes/Pods-Notes.darkmode.xcconfig"; sourceTree = "<group>"; };
		15A238BEA2EE27B214C919D8 /* libPods-NotesTests.a */ = {isa = PBXFileReference; explicitFileType = archive.ar; includeInIndex = 0; path = "libPods-NotesTests.a"; sourceTree = BUILT_PRODUCTS_DIR; };
		1A110E54B3F044D928AACE2A /* Pods-NotesTests.release.xcconfig */ = {isa = PBXFileReference; includeInIndex = 1; lastKnownFileType = text.xcconfig; name = "Pods-NotesTests.release.xcconfig"; path = "Target Support Files/Pods-NotesTests/Pods-NotesTests.release.xcconfig"; sourceTree = "<group>"; };
		32E03B226822C827D6B65302 /* Pods-Notes.release.xcconfig */ = {isa = PBXFileReference; includeInIndex = 1; lastKnownFileType = text.xcconfig; name = "Pods-Notes.release.xcconfig"; path = "Target Support Files/Pods-Notes/Pods-Notes.release.xcconfig"; sourceTree = "<group>"; };
		3E56DCE90DD0A3601AC0BA29 /* Pods-NotesTests.debug.xcconfig */ = {isa = PBXFileReference; includeInIndex = 1; lastKnownFileType = text.xcconfig; name = "Pods-NotesTests.debug.xcconfig"; path = "Target Support Files/Pods-NotesTests/Pods-NotesTests.debug.xcconfig"; sourceTree = "<group>"; };
		52F40A9F0EBAFD0F8786AEA9 /* Pods-NotesTests.darkmode.xcconfig */ = {isa = PBXFileReference; includeInIndex = 1; lastKnownFileType = text.xcconfig; name = "Pods-NotesTests.darkmode.xcconfig"; path = "Target Support Files/Pods-NotesTests/Pods-NotesTests.darkmode.xcconfig"; sourceTree = "<group>"; };
		555C421522D26BDD00C18D68 /* NotesUITests.xctest */ = {isa = PBXFileReference; explicitFileType = wrapper.cfbundle; includeInIndex = 0; path = NotesUITests.xctest; sourceTree = BUILT_PRODUCTS_DIR; };
		555C421722D26BDE00C18D68 /* NotesUITests.swift */ = {isa = PBXFileReference; lastKnownFileType = sourcecode.swift; path = NotesUITests.swift; sourceTree = "<group>"; };
		555C421922D26BDE00C18D68 /* Info.plist */ = {isa = PBXFileReference; lastKnownFileType = text.plist.xml; path = Info.plist; sourceTree = "<group>"; };
		555C422022D26E0500C18D68 /* FileNotebookTests.swift */ = {isa = PBXFileReference; fileEncoding = 4; lastKnownFileType = sourcecode.swift; path = FileNotebookTests.swift; sourceTree = "<group>"; };
		555C422122D26E0500C18D68 /* NoteExtensionTests.swift */ = {isa = PBXFileReference; fileEncoding = 4; lastKnownFileType = sourcecode.swift; path = NoteExtensionTests.swift; sourceTree = "<group>"; };
		555C422222D26E0500C18D68 /* NoteTests.swift */ = {isa = PBXFileReference; fileEncoding = 4; lastKnownFileType = sourcecode.swift; path = NoteTests.swift; sourceTree = "<group>"; };
		5568A19622D8EE57000E64CA /* ColorPickerViewOld.swift */ = {isa = PBXFileReference; lastKnownFileType = sourcecode.swift; path = ColorPickerViewOld.swift; sourceTree = "<group>"; };
		5568A19822D95696000E64CA /* ScrollView.swift */ = {isa = PBXFileReference; lastKnownFileType = sourcecode.swift; path = ScrollView.swift; sourceTree = "<group>"; };
		5568A19D22DA9B9F000E64CA /* PaletteView.swift */ = {isa = PBXFileReference; lastKnownFileType = sourcecode.swift; path = PaletteView.swift; sourceTree = "<group>"; };
		5568A1A022DB8BEC000E64CA /* MarkView.swift */ = {isa = PBXFileReference; lastKnownFileType = sourcecode.swift; path = MarkView.swift; sourceTree = "<group>"; };
		5568A1A222DBCF26000E64CA /* PointerView.swift */ = {isa = PBXFileReference; lastKnownFileType = sourcecode.swift; path = PointerView.swift; sourceTree = "<group>"; };
		5568A1A422DBE6B7000E64CA /* ColorExtension.swift */ = {isa = PBXFileReference; lastKnownFileType = sourcecode.swift; path = ColorExtension.swift; sourceTree = "<group>"; };
		5583C3FA22CBFF350053AB21 /* Notes.app */ = {isa = PBXFileReference; explicitFileType = wrapper.application; includeInIndex = 0; path = Notes.app; sourceTree = BUILT_PRODUCTS_DIR; };
		5583C3FD22CBFF350053AB21 /* AppDelegate.swift */ = {isa = PBXFileReference; lastKnownFileType = sourcecode.swift; path = AppDelegate.swift; sourceTree = "<group>"; };
		5583C3FF22CBFF350053AB21 /* ViewController.swift */ = {isa = PBXFileReference; lastKnownFileType = sourcecode.swift; path = ViewController.swift; sourceTree = "<group>"; };
		5583C40222CBFF350053AB21 /* Base */ = {isa = PBXFileReference; lastKnownFileType = file.storyboard; name = Base; path = Base.lproj/Main.storyboard; sourceTree = "<group>"; };
		5583C40422CBFF360053AB21 /* Assets.xcassets */ = {isa = PBXFileReference; lastKnownFileType = folder.assetcatalog; path = Assets.xcassets; sourceTree = "<group>"; };
		5583C40722CBFF360053AB21 /* Base */ = {isa = PBXFileReference; lastKnownFileType = file.storyboard; name = Base; path = Base.lproj/LaunchScreen.storyboard; sourceTree = "<group>"; };
		5583C40922CBFF360053AB21 /* Info.plist */ = {isa = PBXFileReference; lastKnownFileType = text.plist.xml; path = Info.plist; sourceTree = "<group>"; };
		5583C40E22CBFF360053AB21 /* NotesTests.xctest */ = {isa = PBXFileReference; explicitFileType = wrapper.cfbundle; includeInIndex = 0; path = NotesTests.xctest; sourceTree = BUILT_PRODUCTS_DIR; };
		5583C41422CBFF360053AB21 /* Info.plist */ = {isa = PBXFileReference; lastKnownFileType = text.plist.xml; path = Info.plist; sourceTree = "<group>"; };
		5583C43322CC33D20053AB21 /* FileNotebook.swift */ = {isa = PBXFileReference; fileEncoding = 4; lastKnownFileType = sourcecode.swift; path = FileNotebook.swift; sourceTree = "<group>"; };
		5583C43422CC33D20053AB21 /* Note.swift */ = {isa = PBXFileReference; fileEncoding = 4; lastKnownFileType = sourcecode.swift; path = Note.swift; sourceTree = "<group>"; };
		5583C43522CC33D20053AB21 /* NoteExtension.swift */ = {isa = PBXFileReference; fileEncoding = 4; lastKnownFileType = sourcecode.swift; path = NoteExtension.swift; sourceTree = "<group>"; };
		55A1F60B22D7E86500B400BE /* ContentVIew.swift */ = {isa = PBXFileReference; lastKnownFileType = sourcecode.swift; path = ContentVIew.swift; sourceTree = "<group>"; };
		55C75E3C22D2A07100ABFDFB /* Log.swift */ = {isa = PBXFileReference; lastKnownFileType = sourcecode.swift; path = Log.swift; sourceTree = "<group>"; };
		55C9D37422E27DCA000A776E /* NoteListViewController.swift */ = {isa = PBXFileReference; lastKnownFileType = sourcecode.swift; path = NoteListViewController.swift; sourceTree = "<group>"; };
		55C9D37622E27DDC000A776E /* NoteEditViewController.swift */ = {isa = PBXFileReference; lastKnownFileType = sourcecode.swift; path = NoteEditViewController.swift; sourceTree = "<group>"; };
		55C9D37822E27E4D000A776E /* GalleryViewController.swift */ = {isa = PBXFileReference; lastKnownFileType = sourcecode.swift; path = GalleryViewController.swift; sourceTree = "<group>"; };
		55C9D38022E3533B000A776E /* NoteEditView.swift */ = {isa = PBXFileReference; lastKnownFileType = sourcecode.swift; path = NoteEditView.swift; sourceTree = "<group>"; };
		55C9D38222E3720C000A776E /* ColorPickerViewController.swift */ = {isa = PBXFileReference; lastKnownFileType = sourcecode.swift; path = ColorPickerViewController.swift; sourceTree = "<group>"; };
		55C9D38422E380B8000A776E /* ColorPickerView.swift */ = {isa = PBXFileReference; lastKnownFileType = sourcecode.swift; path = ColorPickerView.swift; sourceTree = "<group>"; };
		55C9D38622E3D9A8000A776E /* NoteEditScrollView.swift */ = {isa = PBXFileReference; lastKnownFileType = sourcecode.swift; path = NoteEditScrollView.swift; sourceTree = "<group>"; };
		55C9D38A22E511D1000A776E /* PhotoNote.swift */ = {isa = PBXFileReference; lastKnownFileType = sourcecode.swift; path = PhotoNote.swift; sourceTree = "<group>"; };
		FABD66460C5110FC9D9B65CE /* Pods-Notes.debug.xcconfig */ = {isa = PBXFileReference; includeInIndex = 1; lastKnownFileType = text.xcconfig; name = "Pods-Notes.debug.xcconfig"; path = "Target Support Files/Pods-Notes/Pods-Notes.debug.xcconfig"; sourceTree = "<group>"; };
/* End PBXFileReference section */

/* Begin PBXFrameworksBuildPhase section */
		555C421222D26BDD00C18D68 /* Frameworks */ = {
			isa = PBXFrameworksBuildPhase;
			buildActionMask = 2147483647;
			files = (
			);
			runOnlyForDeploymentPostprocessing = 0;
		};
		5583C3F722CBFF350053AB21 /* Frameworks */ = {
			isa = PBXFrameworksBuildPhase;
			buildActionMask = 2147483647;
			files = (
				2DB0F716F7C36E4FA15B63D9 /* libPods-Notes.a in Frameworks */,
			);
			runOnlyForDeploymentPostprocessing = 0;
		};
		5583C40B22CBFF360053AB21 /* Frameworks */ = {
			isa = PBXFrameworksBuildPhase;
			buildActionMask = 2147483647;
			files = (
				E5D590370A04756B7FEC0D32 /* libPods-NotesTests.a in Frameworks */,
			);
			runOnlyForDeploymentPostprocessing = 0;
		};
/* End PBXFrameworksBuildPhase section */

/* Begin PBXGroup section */
		555C421622D26BDE00C18D68 /* NotesUITests */ = {
			isa = PBXGroup;
			children = (
				555C421722D26BDE00C18D68 /* NotesUITests.swift */,
				555C421922D26BDE00C18D68 /* Info.plist */,
			);
			path = NotesUITests;
			sourceTree = "<group>";
		};
		5568A19C22DA99F0000E64CA /* ColorPicker */ = {
			isa = PBXGroup;
			children = (
				5568A19622D8EE57000E64CA /* ColorPickerViewOld.swift */,
			);
			path = ColorPicker;
			sourceTree = "<group>";
		};
		5568A19F22DB82DE000E64CA /* Note */ = {
			isa = PBXGroup;
			children = (
				55A1F60B22D7E86500B400BE /* ContentVIew.swift */,
				5568A19822D95696000E64CA /* ScrollView.swift */,
			);
			path = Note;
			sourceTree = "<group>";
		};
		5583C3F122CBFF350053AB21 = {
			isa = PBXGroup;
			children = (
				5583C3FC22CBFF350053AB21 /* Notes */,
				5583C41122CBFF360053AB21 /* NotesTests */,
				555C421622D26BDE00C18D68 /* NotesUITests */,
				5583C3FB22CBFF350053AB21 /* Products */,
				798D0D55B6E1C32B2C812C7F /* Pods */,
				6377159D4B33325989B19C30 /* Frameworks */,
			);
			sourceTree = "<group>";
		};
		5583C3FB22CBFF350053AB21 /* Products */ = {
			isa = PBXGroup;
			children = (
				5583C3FA22CBFF350053AB21 /* Notes.app */,
				5583C40E22CBFF360053AB21 /* NotesTests.xctest */,
				555C421522D26BDD00C18D68 /* NotesUITests.xctest */,
			);
			name = Products;
			sourceTree = "<group>";
		};
		5583C3FC22CBFF350053AB21 /* Notes */ = {
			isa = PBXGroup;
			children = (
				55C9D37322E27B4E000A776E /* Controller */,
				5583C43222CC338C0053AB21 /* Model */,
				55A1F60A22D7E82400B400BE /* View */,
				5583C3FD22CBFF350053AB21 /* AppDelegate.swift */,
				5583C3FF22CBFF350053AB21 /* ViewController.swift */,
				5583C40422CBFF360053AB21 /* Assets.xcassets */,
				5583C40122CBFF350053AB21 /* Main.storyboard */,
				5583C40622CBFF360053AB21 /* LaunchScreen.storyboard */,
				5583C40922CBFF360053AB21 /* Info.plist */,
			);
			path = Notes;
			sourceTree = "<group>";
		};
		5583C41122CBFF360053AB21 /* NotesTests */ = {
			isa = PBXGroup;
			children = (
				555C422022D26E0500C18D68 /* FileNotebookTests.swift */,
				555C422122D26E0500C18D68 /* NoteExtensionTests.swift */,
				555C422222D26E0500C18D68 /* NoteTests.swift */,
				5583C41422CBFF360053AB21 /* Info.plist */,
			);
			path = NotesTests;
			sourceTree = "<group>";
		};
		5583C43222CC338C0053AB21 /* Model */ = {
			isa = PBXGroup;
			children = (
				5583C43322CC33D20053AB21 /* FileNotebook.swift */,
				55C75E3C22D2A07100ABFDFB /* Log.swift */,
				5583C43422CC33D20053AB21 /* Note.swift */,
				5583C43522CC33D20053AB21 /* NoteExtension.swift */,
				55C9D38A22E511D1000A776E /* PhotoNote.swift */,
			);
			path = Model;
			sourceTree = "<group>";
		};
		55A1F60A22D7E82400B400BE /* View */ = {
			isa = PBXGroup;
			children = (
				5568A1A422DBE6B7000E64CA /* ColorExtension.swift */,
				55C9D38422E380B8000A776E /* ColorPickerView.swift */,
				5568A1A022DB8BEC000E64CA /* MarkView.swift */,
				55C9D38622E3D9A8000A776E /* NoteEditScrollView.swift */,
				55C9D38022E3533B000A776E /* NoteEditView.swift */,
				5568A19D22DA9B9F000E64CA /* PaletteView.swift */,
				5568A1A222DBCF26000E64CA /* PointerView.swift */,
				5568A19F22DB82DE000E64CA /* Note */,
				5568A19C22DA99F0000E64CA /* ColorPicker */,
			);
			path = View;
			sourceTree = "<group>";
		};
		55C9D37322E27B4E000A776E /* Controller */ = {
			isa = PBXGroup;
			children = (
				55C9D38222E3720C000A776E /* ColorPickerViewController.swift */,
				55C9D37822E27E4D000A776E /* GalleryViewController.swift */,
				55C9D37622E27DDC000A776E /* NoteEditViewController.swift */,
				55C9D37422E27DCA000A776E /* NoteListViewController.swift */,
			);
			path = Controller;
			sourceTree = "<group>";
		};
		6377159D4B33325989B19C30 /* Frameworks */ = {
			isa = PBXGroup;
			children = (
				0DF8D87FD10F38115A176AB1 /* libPods-Notes.a */,
				15A238BEA2EE27B214C919D8 /* libPods-NotesTests.a */,
			);
			name = Frameworks;
			sourceTree = "<group>";
		};
		798D0D55B6E1C32B2C812C7F /* Pods */ = {
			isa = PBXGroup;
			children = (
				FABD66460C5110FC9D9B65CE /* Pods-Notes.debug.xcconfig */,
				32E03B226822C827D6B65302 /* Pods-Notes.release.xcconfig */,
				0FDAD1FBD3F42A01C0F8BF48 /* Pods-Notes.darkmode.xcconfig */,
				3E56DCE90DD0A3601AC0BA29 /* Pods-NotesTests.debug.xcconfig */,
				1A110E54B3F044D928AACE2A /* Pods-NotesTests.release.xcconfig */,
				52F40A9F0EBAFD0F8786AEA9 /* Pods-NotesTests.darkmode.xcconfig */,
			);
			path = Pods;
			sourceTree = "<group>";
		};
/* End PBXGroup section */

/* Begin PBXNativeTarget section */
		555C421422D26BDD00C18D68 /* NotesUITests */ = {
			isa = PBXNativeTarget;
			buildConfigurationList = 555C421F22D26BDE00C18D68 /* Build configuration list for PBXNativeTarget "NotesUITests" */;
			buildPhases = (
				555C421122D26BDD00C18D68 /* Sources */,
				555C421222D26BDD00C18D68 /* Frameworks */,
				555C421322D26BDD00C18D68 /* Resources */,
			);
			buildRules = (
			);
			dependencies = (
				555C421B22D26BDE00C18D68 /* PBXTargetDependency */,
			);
			name = NotesUITests;
			productName = NotesUITests;
			productReference = 555C421522D26BDD00C18D68 /* NotesUITests.xctest */;
			productType = "com.apple.product-type.bundle.unit-test";
		};
		5583C3F922CBFF350053AB21 /* Notes */ = {
			isa = PBXNativeTarget;
			buildConfigurationList = 5583C41722CBFF360053AB21 /* Build configuration list for PBXNativeTarget "Notes" */;
			buildPhases = (
				38991191E5FB59F19C1B3260 /* [CP] Check Pods Manifest.lock */,
				5583C3F622CBFF350053AB21 /* Sources */,
				5583C3F722CBFF350053AB21 /* Frameworks */,
				5583C3F822CBFF350053AB21 /* Resources */,
			);
			buildRules = (
			);
			dependencies = (
			);
			name = Notes;
			productName = Notes;
			productReference = 5583C3FA22CBFF350053AB21 /* Notes.app */;
			productType = "com.apple.product-type.application";
		};
		5583C40D22CBFF360053AB21 /* NotesTests */ = {
			isa = PBXNativeTarget;
			buildConfigurationList = 5583C41A22CBFF360053AB21 /* Build configuration list for PBXNativeTarget "NotesTests" */;
			buildPhases = (
				A282E80512E79CADE779254D /* [CP] Check Pods Manifest.lock */,
				5583C40A22CBFF360053AB21 /* Sources */,
				5583C40B22CBFF360053AB21 /* Frameworks */,
				5583C40C22CBFF360053AB21 /* Resources */,
			);
			buildRules = (
			);
			dependencies = (
				5583C41022CBFF360053AB21 /* PBXTargetDependency */,
			);
			name = NotesTests;
			productName = NotesTests;
			productReference = 5583C40E22CBFF360053AB21 /* NotesTests.xctest */;
			productType = "com.apple.product-type.bundle.unit-test";
		};
/* End PBXNativeTarget section */

/* Begin PBXProject section */
		5583C3F222CBFF350053AB21 /* Project object */ = {
			isa = PBXProject;
			attributes = {
				LastSwiftUpdateCheck = 1020;
				LastUpgradeCheck = 1020;
				ORGANIZATIONNAME = andrey;
				TargetAttributes = {
					555C421422D26BDD00C18D68 = {
						CreatedOnToolsVersion = 10.2.1;
						TestTargetID = 5583C3F922CBFF350053AB21;
					};
					5583C3F922CBFF350053AB21 = {
						CreatedOnToolsVersion = 10.2.1;
					};
					5583C40D22CBFF360053AB21 = {
						CreatedOnToolsVersion = 10.2.1;
						TestTargetID = 5583C3F922CBFF350053AB21;
					};
				};
			};
			buildConfigurationList = 5583C3F522CBFF350053AB21 /* Build configuration list for PBXProject "Notes" */;
			compatibilityVersion = "Xcode 9.3";
			developmentRegion = en;
			hasScannedForEncodings = 0;
			knownRegions = (
				en,
				Base,
			);
			mainGroup = 5583C3F122CBFF350053AB21;
			productRefGroup = 5583C3FB22CBFF350053AB21 /* Products */;
			projectDirPath = "";
			projectRoot = "";
			targets = (
				5583C3F922CBFF350053AB21 /* Notes */,
				5583C40D22CBFF360053AB21 /* NotesTests */,
				555C421422D26BDD00C18D68 /* NotesUITests */,
			);
		};
/* End PBXProject section */

/* Begin PBXResourcesBuildPhase section */
		555C421322D26BDD00C18D68 /* Resources */ = {
			isa = PBXResourcesBuildPhase;
			buildActionMask = 2147483647;
			files = (
			);
			runOnlyForDeploymentPostprocessing = 0;
		};
		5583C3F822CBFF350053AB21 /* Resources */ = {
			isa = PBXResourcesBuildPhase;
			buildActionMask = 2147483647;
			files = (
				5583C40822CBFF360053AB21 /* LaunchScreen.storyboard in Resources */,
				5583C40522CBFF360053AB21 /* Assets.xcassets in Resources */,
				5583C40322CBFF350053AB21 /* Main.storyboard in Resources */,
			);
			runOnlyForDeploymentPostprocessing = 0;
		};
		5583C40C22CBFF360053AB21 /* Resources */ = {
			isa = PBXResourcesBuildPhase;
			buildActionMask = 2147483647;
			files = (
			);
			runOnlyForDeploymentPostprocessing = 0;
		};
/* End PBXResourcesBuildPhase section */

/* Begin PBXShellScriptBuildPhase section */
		38991191E5FB59F19C1B3260 /* [CP] Check Pods Manifest.lock */ = {
			isa = PBXShellScriptBuildPhase;
			buildActionMask = 2147483647;
			files = (
			);
			inputFileListPaths = (
			);
			inputPaths = (
				"${PODS_PODFILE_DIR_PATH}/Podfile.lock",
				"${PODS_ROOT}/Manifest.lock",
			);
			name = "[CP] Check Pods Manifest.lock";
			outputFileListPaths = (
			);
			outputPaths = (
				"$(DERIVED_FILE_DIR)/Pods-Notes-checkManifestLockResult.txt",
			);
			runOnlyForDeploymentPostprocessing = 0;
			shellPath = /bin/sh;
			shellScript = "diff \"${PODS_PODFILE_DIR_PATH}/Podfile.lock\" \"${PODS_ROOT}/Manifest.lock\" > /dev/null\nif [ $? != 0 ] ; then\n    # print error to STDERR\n    echo \"error: The sandbox is not in sync with the Podfile.lock. Run 'pod install' or update your CocoaPods installation.\" >&2\n    exit 1\nfi\n# This output is used by Xcode 'outputs' to avoid re-running this script phase.\necho \"SUCCESS\" > \"${SCRIPT_OUTPUT_FILE_0}\"\n";
			showEnvVarsInLog = 0;
		};
		A282E80512E79CADE779254D /* [CP] Check Pods Manifest.lock */ = {
			isa = PBXShellScriptBuildPhase;
			buildActionMask = 2147483647;
			files = (
			);
			inputFileListPaths = (
			);
			inputPaths = (
				"${PODS_PODFILE_DIR_PATH}/Podfile.lock",
				"${PODS_ROOT}/Manifest.lock",
			);
			name = "[CP] Check Pods Manifest.lock";
			outputFileListPaths = (
			);
			outputPaths = (
				"$(DERIVED_FILE_DIR)/Pods-NotesTests-checkManifestLockResult.txt",
			);
			runOnlyForDeploymentPostprocessing = 0;
			shellPath = /bin/sh;
			shellScript = "diff \"${PODS_PODFILE_DIR_PATH}/Podfile.lock\" \"${PODS_ROOT}/Manifest.lock\" > /dev/null\nif [ $? != 0 ] ; then\n    # print error to STDERR\n    echo \"error: The sandbox is not in sync with the Podfile.lock. Run 'pod install' or update your CocoaPods installation.\" >&2\n    exit 1\nfi\n# This output is used by Xcode 'outputs' to avoid re-running this script phase.\necho \"SUCCESS\" > \"${SCRIPT_OUTPUT_FILE_0}\"\n";
			showEnvVarsInLog = 0;
		};
/* End PBXShellScriptBuildPhase section */

/* Begin PBXSourcesBuildPhase section */
		555C421122D26BDD00C18D68 /* Sources */ = {
			isa = PBXSourcesBuildPhase;
			buildActionMask = 2147483647;
			files = (
				555C421822D26BDE00C18D68 /* NotesUITests.swift in Sources */,
			);
			runOnlyForDeploymentPostprocessing = 0;
		};
		5583C3F622CBFF350053AB21 /* Sources */ = {
			isa = PBXSourcesBuildPhase;
			buildActionMask = 2147483647;
			files = (
				5568A19E22DA9B9F000E64CA /* PaletteView.swift in Sources */,
				5583C43822CC33D20053AB21 /* NoteExtension.swift in Sources */,
				5583C43622CC33D20053AB21 /* FileNotebook.swift in Sources */,
				55A1F60C22D7E86500B400BE /* ContentVIew.swift in Sources */,
				55C9D38B22E511D1000A776E /* PhotoNote.swift in Sources */,
				55C9D38522E380B8000A776E /* ColorPickerView.swift in Sources */,
				5568A1A322DBCF26000E64CA /* PointerView.swift in Sources */,
				55C9D37922E27E4D000A776E /* GalleryViewController.swift in Sources */,
				55C9D38122E3533B000A776E /* NoteEditView.swift in Sources */,
				55C9D37722E27DDC000A776E /* NoteEditViewController.swift in Sources */,
				55C75E3D22D2A07100ABFDFB /* Log.swift in Sources */,
				55C9D37522E27DCA000A776E /* NoteListViewController.swift in Sources */,
				5568A1A522DBE6B7000E64CA /* ColorExtension.swift in Sources */,
				5583C40022CBFF350053AB21 /* ViewController.swift in Sources */,
				5568A19722D8EE57000E64CA /* ColorPickerViewOld.swift in Sources */,
				55C9D38322E3720C000A776E /* ColorPickerViewController.swift in Sources */,
				5583C3FE22CBFF350053AB21 /* AppDelegate.swift in Sources */,
				5583C43722CC33D20053AB21 /* Note.swift in Sources */,
				55C9D38722E3D9A8000A776E /* NoteEditScrollView.swift in Sources */,
				5568A19922D95696000E64CA /* ScrollView.swift in Sources */,
				5568A1A122DB8BEC000E64CA /* MarkView.swift in Sources */,
			);
			runOnlyForDeploymentPostprocessing = 0;
		};
		5583C40A22CBFF360053AB21 /* Sources */ = {
			isa = PBXSourcesBuildPhase;
			buildActionMask = 2147483647;
			files = (
				555C422322D26E0500C18D68 /* FileNotebookTests.swift in Sources */,
				555C422422D26E0500C18D68 /* NoteExtensionTests.swift in Sources */,
				555C422522D26E0500C18D68 /* NoteTests.swift in Sources */,
			);
			runOnlyForDeploymentPostprocessing = 0;
		};
/* End PBXSourcesBuildPhase section */

/* Begin PBXTargetDependency section */
		555C421B22D26BDE00C18D68 /* PBXTargetDependency */ = {
			isa = PBXTargetDependency;
			target = 5583C3F922CBFF350053AB21 /* Notes */;
			targetProxy = 555C421A22D26BDE00C18D68 /* PBXContainerItemProxy */;
		};
		5583C41022CBFF360053AB21 /* PBXTargetDependency */ = {
			isa = PBXTargetDependency;
			target = 5583C3F922CBFF350053AB21 /* Notes */;
			targetProxy = 5583C40F22CBFF360053AB21 /* PBXContainerItemProxy */;
		};
/* End PBXTargetDependency section */

/* Begin PBXVariantGroup section */
		5583C40122CBFF350053AB21 /* Main.storyboard */ = {
			isa = PBXVariantGroup;
			children = (
				5583C40222CBFF350053AB21 /* Base */,
			);
			name = Main.storyboard;
			sourceTree = "<group>";
		};
		5583C40622CBFF360053AB21 /* LaunchScreen.storyboard */ = {
			isa = PBXVariantGroup;
			children = (
				5583C40722CBFF360053AB21 /* Base */,
			);
			name = LaunchScreen.storyboard;
			sourceTree = "<group>";
		};
/* End PBXVariantGroup section */

/* Begin XCBuildConfiguration section */
		555C421C22D26BDE00C18D68 /* Debug */ = {
			isa = XCBuildConfiguration;
			buildSettings = {
				BUNDLE_LOADER = "$(TEST_HOST)";
				CODE_SIGN_STYLE = Automatic;
				DEVELOPMENT_TEAM = 6RHXLM5RR3;
				INFOPLIST_FILE = NotesUITests/Info.plist;
				IPHONEOS_DEPLOYMENT_TARGET = 12.2;
				LD_RUNPATH_SEARCH_PATHS = (
					"$(inherited)",
					"@executable_path/Frameworks",
					"@loader_path/Frameworks",
				);
				PRODUCT_BUNDLE_IDENTIFIER = andrey.NotesUITests;
				PRODUCT_NAME = "$(TARGET_NAME)";
				SWIFT_VERSION = 5.0;
				TARGETED_DEVICE_FAMILY = "1,2";
				TEST_HOST = "$(BUILT_PRODUCTS_DIR)/Notes.app/Notes";
			};
			name = Debug;
		};
		555C421D22D26BDE00C18D68 /* Release */ = {
			isa = XCBuildConfiguration;
			buildSettings = {
				BUNDLE_LOADER = "$(TEST_HOST)";
				CODE_SIGN_STYLE = Automatic;
				DEVELOPMENT_TEAM = 6RHXLM5RR3;
				INFOPLIST_FILE = NotesUITests/Info.plist;
				IPHONEOS_DEPLOYMENT_TARGET = 12.2;
				LD_RUNPATH_SEARCH_PATHS = (
					"$(inherited)",
					"@executable_path/Frameworks",
					"@loader_path/Frameworks",
				);
				PRODUCT_BUNDLE_IDENTIFIER = andrey.NotesUITests;
				PRODUCT_NAME = "$(TARGET_NAME)";
				SWIFT_VERSION = 5.0;
				TARGETED_DEVICE_FAMILY = "1,2";
				TEST_HOST = "$(BUILT_PRODUCTS_DIR)/Notes.app/Notes";
			};
			name = Release;
		};
		555C421E22D26BDE00C18D68 /* DarkMode */ = {
			isa = XCBuildConfiguration;
			buildSettings = {
				BUNDLE_LOADER = "$(TEST_HOST)";
				CODE_SIGN_STYLE = Automatic;
				DEVELOPMENT_TEAM = 6RHXLM5RR3;
				INFOPLIST_FILE = NotesUITests/Info.plist;
				IPHONEOS_DEPLOYMENT_TARGET = 12.2;
				LD_RUNPATH_SEARCH_PATHS = (
					"$(inherited)",
					"@executable_path/Frameworks",
					"@loader_path/Frameworks",
				);
				PRODUCT_BUNDLE_IDENTIFIER = andrey.NotesUITests;
				PRODUCT_NAME = "$(TARGET_NAME)";
				SWIFT_VERSION = 5.0;
				TARGETED_DEVICE_FAMILY = "1,2";
				TEST_HOST = "$(BUILT_PRODUCTS_DIR)/Notes.app/Notes";
			};
			name = DarkMode;
		};
		5583C41522CBFF360053AB21 /* Debug */ = {
			isa = XCBuildConfiguration;
			buildSettings = {
				ALWAYS_SEARCH_USER_PATHS = NO;
				CLANG_ANALYZER_NONNULL = YES;
				CLANG_ANALYZER_NUMBER_OBJECT_CONVERSION = YES_AGGRESSIVE;
				CLANG_CXX_LANGUAGE_STANDARD = "gnu++14";
				CLANG_CXX_LIBRARY = "libc++";
				CLANG_ENABLE_MODULES = YES;
				CLANG_ENABLE_OBJC_ARC = YES;
				CLANG_ENABLE_OBJC_WEAK = YES;
				CLANG_WARN_BLOCK_CAPTURE_AUTORELEASING = YES;
				CLANG_WARN_BOOL_CONVERSION = YES;
				CLANG_WARN_COMMA = YES;
				CLANG_WARN_CONSTANT_CONVERSION = YES;
				CLANG_WARN_DEPRECATED_OBJC_IMPLEMENTATIONS = YES;
				CLANG_WARN_DIRECT_OBJC_ISA_USAGE = YES_ERROR;
				CLANG_WARN_DOCUMENTATION_COMMENTS = YES;
				CLANG_WARN_EMPTY_BODY = YES;
				CLANG_WARN_ENUM_CONVERSION = YES;
				CLANG_WARN_INFINITE_RECURSION = YES;
				CLANG_WARN_INT_CONVERSION = YES;
				CLANG_WARN_NON_LITERAL_NULL_CONVERSION = YES;
				CLANG_WARN_OBJC_IMPLICIT_RETAIN_SELF = YES;
				CLANG_WARN_OBJC_LITERAL_CONVERSION = YES;
				CLANG_WARN_OBJC_ROOT_CLASS = YES_ERROR;
				CLANG_WARN_RANGE_LOOP_ANALYSIS = YES;
				CLANG_WARN_STRICT_PROTOTYPES = YES;
				CLANG_WARN_SUSPICIOUS_MOVE = YES;
				CLANG_WARN_UNGUARDED_AVAILABILITY = YES_AGGRESSIVE;
				CLANG_WARN_UNREACHABLE_CODE = YES;
				CLANG_WARN__DUPLICATE_METHOD_MATCH = YES;
				CODE_SIGN_IDENTITY = "iPhone Developer";
				COPY_PHASE_STRIP = NO;
				DEBUG_INFORMATION_FORMAT = dwarf;
				ENABLE_STRICT_OBJC_MSGSEND = YES;
				ENABLE_TESTABILITY = YES;
				GCC_C_LANGUAGE_STANDARD = gnu11;
				GCC_DYNAMIC_NO_PIC = NO;
				GCC_NO_COMMON_BLOCKS = YES;
				GCC_OPTIMIZATION_LEVEL = 0;
				GCC_PREPROCESSOR_DEFINITIONS = (
					"DEBUG=1",
					"$(inherited)",
				);
				GCC_WARN_64_TO_32_BIT_CONVERSION = YES;
				GCC_WARN_ABOUT_RETURN_TYPE = YES_ERROR;
				GCC_WARN_UNDECLARED_SELECTOR = YES;
				GCC_WARN_UNINITIALIZED_AUTOS = YES_AGGRESSIVE;
				GCC_WARN_UNUSED_FUNCTION = YES;
				GCC_WARN_UNUSED_VARIABLE = YES;
				IPHONEOS_DEPLOYMENT_TARGET = 12.1;
				MTL_ENABLE_DEBUG_INFO = INCLUDE_SOURCE;
				MTL_FAST_MATH = YES;
				ONLY_ACTIVE_ARCH = YES;
				SDKROOT = iphoneos;
				SWIFT_ACTIVE_COMPILATION_CONDITIONS = DEBUG;
				SWIFT_OPTIMIZATION_LEVEL = "-Onone";
			};
			name = Debug;
		};
		5583C41622CBFF360053AB21 /* Release */ = {
			isa = XCBuildConfiguration;
			buildSettings = {
				ALWAYS_SEARCH_USER_PATHS = NO;
				CLANG_ANALYZER_NONNULL = YES;
				CLANG_ANALYZER_NUMBER_OBJECT_CONVERSION = YES_AGGRESSIVE;
				CLANG_CXX_LANGUAGE_STANDARD = "gnu++14";
				CLANG_CXX_LIBRARY = "libc++";
				CLANG_ENABLE_MODULES = YES;
				CLANG_ENABLE_OBJC_ARC = YES;
				CLANG_ENABLE_OBJC_WEAK = YES;
				CLANG_WARN_BLOCK_CAPTURE_AUTORELEASING = YES;
				CLANG_WARN_BOOL_CONVERSION = YES;
				CLANG_WARN_COMMA = YES;
				CLANG_WARN_CONSTANT_CONVERSION = YES;
				CLANG_WARN_DEPRECATED_OBJC_IMPLEMENTATIONS = YES;
				CLANG_WARN_DIRECT_OBJC_ISA_USAGE = YES_ERROR;
				CLANG_WARN_DOCUMENTATION_COMMENTS = YES;
				CLANG_WARN_EMPTY_BODY = YES;
				CLANG_WARN_ENUM_CONVERSION = YES;
				CLANG_WARN_INFINITE_RECURSION = YES;
				CLANG_WARN_INT_CONVERSION = YES;
				CLANG_WARN_NON_LITERAL_NULL_CONVERSION = YES;
				CLANG_WARN_OBJC_IMPLICIT_RETAIN_SELF = YES;
				CLANG_WARN_OBJC_LITERAL_CONVERSION = YES;
				CLANG_WARN_OBJC_ROOT_CLASS = YES_ERROR;
				CLANG_WARN_RANGE_LOOP_ANALYSIS = YES;
				CLANG_WARN_STRICT_PROTOTYPES = YES;
				CLANG_WARN_SUSPICIOUS_MOVE = YES;
				CLANG_WARN_UNGUARDED_AVAILABILITY = YES_AGGRESSIVE;
				CLANG_WARN_UNREACHABLE_CODE = YES;
				CLANG_WARN__DUPLICATE_METHOD_MATCH = YES;
				CODE_SIGN_IDENTITY = "iPhone Developer";
				COPY_PHASE_STRIP = NO;
				DEBUG_INFORMATION_FORMAT = "dwarf-with-dsym";
				ENABLE_NS_ASSERTIONS = NO;
				ENABLE_STRICT_OBJC_MSGSEND = YES;
				GCC_C_LANGUAGE_STANDARD = gnu11;
				GCC_NO_COMMON_BLOCKS = YES;
				GCC_WARN_64_TO_32_BIT_CONVERSION = YES;
				GCC_WARN_ABOUT_RETURN_TYPE = YES_ERROR;
				GCC_WARN_UNDECLARED_SELECTOR = YES;
				GCC_WARN_UNINITIALIZED_AUTOS = YES_AGGRESSIVE;
				GCC_WARN_UNUSED_FUNCTION = YES;
				GCC_WARN_UNUSED_VARIABLE = YES;
				IPHONEOS_DEPLOYMENT_TARGET = 12.1;
				MTL_ENABLE_DEBUG_INFO = NO;
				MTL_FAST_MATH = YES;
				SDKROOT = iphoneos;
				SWIFT_COMPILATION_MODE = wholemodule;
				SWIFT_OPTIMIZATION_LEVEL = "-O";
				VALIDATE_PRODUCT = YES;
			};
			name = Release;
		};
		5583C41822CBFF360053AB21 /* Debug */ = {
			isa = XCBuildConfiguration;
			baseConfigurationReference = FABD66460C5110FC9D9B65CE /* Pods-Notes.debug.xcconfig */;
			buildSettings = {
				ASSETCATALOG_COMPILER_APPICON_NAME = AppIcon;
				CODE_SIGN_STYLE = Automatic;
				DEVELOPMENT_TEAM = 6RHXLM5RR3;
				INFOPLIST_FILE = Notes/Info.plist;
				IPHONEOS_DEPLOYMENT_TARGET = 12.1;
				LD_RUNPATH_SEARCH_PATHS = (
					"$(inherited)",
					"@executable_path/Frameworks",
				);
				PRODUCT_BUNDLE_IDENTIFIER = andrey.Notes;
				PRODUCT_NAME = "$(TARGET_NAME)";
				SWIFT_VERSION = 5.0;
				TARGETED_DEVICE_FAMILY = "1,2";
			};
			name = Debug;
		};
		5583C41922CBFF360053AB21 /* Release */ = {
			isa = XCBuildConfiguration;
			baseConfigurationReference = 32E03B226822C827D6B65302 /* Pods-Notes.release.xcconfig */;
			buildSettings = {
				ASSETCATALOG_COMPILER_APPICON_NAME = AppIcon;
				CODE_SIGN_STYLE = Automatic;
				DEVELOPMENT_TEAM = 6RHXLM5RR3;
				INFOPLIST_FILE = Notes/Info.plist;
				IPHONEOS_DEPLOYMENT_TARGET = 12.1;
				LD_RUNPATH_SEARCH_PATHS = (
					"$(inherited)",
					"@executable_path/Frameworks",
				);
				PRODUCT_BUNDLE_IDENTIFIER = andrey.Notes;
				PRODUCT_NAME = "$(TARGET_NAME)";
				SWIFT_VERSION = 5.0;
				TARGETED_DEVICE_FAMILY = "1,2";
			};
			name = Release;
		};
		5583C41B22CBFF360053AB21 /* Debug */ = {
			isa = XCBuildConfiguration;
			baseConfigurationReference = 3E56DCE90DD0A3601AC0BA29 /* Pods-NotesTests.debug.xcconfig */;
			buildSettings = {
				ALWAYS_EMBED_SWIFT_STANDARD_LIBRARIES = YES;
				BUNDLE_LOADER = "$(TEST_HOST)";
				CODE_SIGN_STYLE = Automatic;
				DEVELOPMENT_TEAM = 6RHXLM5RR3;
				INFOPLIST_FILE = NotesTests/Info.plist;
				LD_RUNPATH_SEARCH_PATHS = (
					"$(inherited)",
					"@executable_path/Frameworks",
					"@loader_path/Frameworks",
				);
				PRODUCT_BUNDLE_IDENTIFIER = andrey.NotesTests;
				PRODUCT_NAME = "$(TARGET_NAME)";
				SWIFT_VERSION = 5.0;
				TARGETED_DEVICE_FAMILY = "1,2";
				TEST_HOST = "$(BUILT_PRODUCTS_DIR)/Notes.app/Notes";
			};
			name = Debug;
		};
		5583C41C22CBFF360053AB21 /* Release */ = {
			isa = XCBuildConfiguration;
			baseConfigurationReference = 1A110E54B3F044D928AACE2A /* Pods-NotesTests.release.xcconfig */;
			buildSettings = {
				ALWAYS_EMBED_SWIFT_STANDARD_LIBRARIES = YES;
				BUNDLE_LOADER = "$(TEST_HOST)";
				CODE_SIGN_STYLE = Automatic;
				DEVELOPMENT_TEAM = 6RHXLM5RR3;
				INFOPLIST_FILE = NotesTests/Info.plist;
				LD_RUNPATH_SEARCH_PATHS = (
					"$(inherited)",
					"@executable_path/Frameworks",
					"@loader_path/Frameworks",
				);
				PRODUCT_BUNDLE_IDENTIFIER = andrey.NotesTests;
				PRODUCT_NAME = "$(TARGET_NAME)";
				SWIFT_VERSION = 5.0;
				TARGETED_DEVICE_FAMILY = "1,2";
				TEST_HOST = "$(BUILT_PRODUCTS_DIR)/Notes.app/Notes";
			};
			name = Release;
		};
		5583C43922D1154F0053AB21 /* DarkMode */ = {
			isa = XCBuildConfiguration;
			buildSettings = {
				ALWAYS_SEARCH_USER_PATHS = NO;
				CLANG_ANALYZER_NONNULL = YES;
				CLANG_ANALYZER_NUMBER_OBJECT_CONVERSION = YES_AGGRESSIVE;
				CLANG_CXX_LANGUAGE_STANDARD = "gnu++14";
				CLANG_CXX_LIBRARY = "libc++";
				CLANG_ENABLE_MODULES = YES;
				CLANG_ENABLE_OBJC_ARC = YES;
				CLANG_ENABLE_OBJC_WEAK = YES;
				CLANG_WARN_BLOCK_CAPTURE_AUTORELEASING = YES;
				CLANG_WARN_BOOL_CONVERSION = YES;
				CLANG_WARN_COMMA = YES;
				CLANG_WARN_CONSTANT_CONVERSION = YES;
				CLANG_WARN_DEPRECATED_OBJC_IMPLEMENTATIONS = YES;
				CLANG_WARN_DIRECT_OBJC_ISA_USAGE = YES_ERROR;
				CLANG_WARN_DOCUMENTATION_COMMENTS = YES;
				CLANG_WARN_EMPTY_BODY = YES;
				CLANG_WARN_ENUM_CONVERSION = YES;
				CLANG_WARN_INFINITE_RECURSION = YES;
				CLANG_WARN_INT_CONVERSION = YES;
				CLANG_WARN_NON_LITERAL_NULL_CONVERSION = YES;
				CLANG_WARN_OBJC_IMPLICIT_RETAIN_SELF = YES;
				CLANG_WARN_OBJC_LITERAL_CONVERSION = YES;
				CLANG_WARN_OBJC_ROOT_CLASS = YES_ERROR;
				CLANG_WARN_RANGE_LOOP_ANALYSIS = YES;
				CLANG_WARN_STRICT_PROTOTYPES = YES;
				CLANG_WARN_SUSPICIOUS_MOVE = YES;
				CLANG_WARN_UNGUARDED_AVAILABILITY = YES_AGGRESSIVE;
				CLANG_WARN_UNREACHABLE_CODE = YES;
				CLANG_WARN__DUPLICATE_METHOD_MATCH = YES;
				CODE_SIGN_IDENTITY = "iPhone Developer";
				COPY_PHASE_STRIP = NO;
				DEBUG_INFORMATION_FORMAT = "dwarf-with-dsym";
				ENABLE_NS_ASSERTIONS = NO;
				ENABLE_STRICT_OBJC_MSGSEND = YES;
				GCC_C_LANGUAGE_STANDARD = gnu11;
				GCC_NO_COMMON_BLOCKS = YES;
				GCC_PREPROCESSOR_DEFINITIONS = "";
				GCC_WARN_64_TO_32_BIT_CONVERSION = YES;
				GCC_WARN_ABOUT_RETURN_TYPE = YES_ERROR;
				GCC_WARN_UNDECLARED_SELECTOR = YES;
				GCC_WARN_UNINITIALIZED_AUTOS = YES_AGGRESSIVE;
				GCC_WARN_UNUSED_FUNCTION = YES;
				GCC_WARN_UNUSED_VARIABLE = YES;
				IPHONEOS_DEPLOYMENT_TARGET = 12.1;
				MTL_ENABLE_DEBUG_INFO = NO;
				MTL_FAST_MATH = YES;
				SDKROOT = iphoneos;
				SWIFT_COMPILATION_MODE = wholemodule;
				SWIFT_OPTIMIZATION_LEVEL = "-O";
				VALIDATE_PRODUCT = YES;
			};
			name = DarkMode;
		};
		5583C43A22D1154F0053AB21 /* DarkMode */ = {
			isa = XCBuildConfiguration;
			baseConfigurationReference = 0FDAD1FBD3F42A01C0F8BF48 /* Pods-Notes.darkmode.xcconfig */;
			buildSettings = {
				ASSETCATALOG_COMPILER_APPICON_NAME = AppIcon;
				CODE_SIGN_STYLE = Automatic;
				DEVELOPMENT_TEAM = 6RHXLM5RR3;
				INFOPLIST_FILE = Notes/Info.plist;
				IPHONEOS_DEPLOYMENT_TARGET = 12.1;
				LD_RUNPATH_SEARCH_PATHS = (
					"$(inherited)",
					"@executable_path/Frameworks",
				);
				OTHER_SWIFT_FLAGS = "$(inherited) -D COCOAPODS -Xcc -fmodule-map-file=\"${PODS_CONFIGURATION_BUILD_DIR}/CocoaLumberjack/CocoaLumberjack.modulemap\"";
				PRODUCT_BUNDLE_IDENTIFIER = andrey.Notes;
				PRODUCT_NAME = "$(TARGET_NAME)";
				SWIFT_ACTIVE_COMPILATION_CONDITIONS = DARKMODE;
				SWIFT_VERSION = 5.0;
				TARGETED_DEVICE_FAMILY = "1,2";
			};
			name = DarkMode;
		};
		5583C43B22D1154F0053AB21 /* DarkMode */ = {
			isa = XCBuildConfiguration;
			baseConfigurationReference = 52F40A9F0EBAFD0F8786AEA9 /* Pods-NotesTests.darkmode.xcconfig */;
			buildSettings = {
				ALWAYS_EMBED_SWIFT_STANDARD_LIBRARIES = YES;
				BUNDLE_LOADER = "$(TEST_HOST)";
				CODE_SIGN_STYLE = Automatic;
				DEVELOPMENT_TEAM = 6RHXLM5RR3;
				INFOPLIST_FILE = NotesTests/Info.plist;
				LD_RUNPATH_SEARCH_PATHS = (
					"$(inherited)",
					"@executable_path/Frameworks",
					"@loader_path/Frameworks",
				);
				PRODUCT_BUNDLE_IDENTIFIER = andrey.NotesTests;
				PRODUCT_NAME = "$(TARGET_NAME)";
				SWIFT_VERSION = 5.0;
				TARGETED_DEVICE_FAMILY = "1,2";
				TEST_HOST = "$(BUILT_PRODUCTS_DIR)/Notes.app/Notes";
			};
			name = DarkMode;
		};
/* End XCBuildConfiguration section */

/* Begin XCConfigurationList section */
		555C421F22D26BDE00C18D68 /* Build configuration list for PBXNativeTarget "NotesUITests" */ = {
			isa = XCConfigurationList;
			buildConfigurations = (
				555C421C22D26BDE00C18D68 /* Debug */,
				555C421D22D26BDE00C18D68 /* Release */,
				555C421E22D26BDE00C18D68 /* DarkMode */,
			);
			defaultConfigurationIsVisible = 0;
			defaultConfigurationName = Release;
		};
		5583C3F522CBFF350053AB21 /* Build configuration list for PBXProject "Notes" */ = {
			isa = XCConfigurationList;
			buildConfigurations = (
				5583C41522CBFF360053AB21 /* Debug */,
				5583C41622CBFF360053AB21 /* Release */,
				5583C43922D1154F0053AB21 /* DarkMode */,
			);
			defaultConfigurationIsVisible = 0;
			defaultConfigurationName = Release;
		};
		5583C41722CBFF360053AB21 /* Build configuration list for PBXNativeTarget "Notes" */ = {
			isa = XCConfigurationList;
			buildConfigurations = (
				5583C41822CBFF360053AB21 /* Debug */,
				5583C41922CBFF360053AB21 /* Release */,
				5583C43A22D1154F0053AB21 /* DarkMode */,
			);
			defaultConfigurationIsVisible = 0;
			defaultConfigurationName = Release;
		};
		5583C41A22CBFF360053AB21 /* Build configuration list for PBXNativeTarget "NotesTests" */ = {
			isa = XCConfigurationList;
			buildConfigurations = (
				5583C41B22CBFF360053AB21 /* Debug */,
				5583C41C22CBFF360053AB21 /* Release */,
				5583C43B22D1154F0053AB21 /* DarkMode */,
			);
			defaultConfigurationIsVisible = 0;
			defaultConfigurationName = Release;
		};
/* End XCConfigurationList section */
	};
	rootObject = 5583C3F222CBFF350053AB21 /* Project object */;
}
